
Microsoft Visual Studio Solution File, Format Version 12.00
# Visual Studio Version 17
VisualStudioVersion = 17.0.31903.59
MinimumVisualStudioVersion = 10.0.40219.1
Project("{2150E333-8FDC-42A3-9474-1A3956D46DE8}") = "src", "src", "{827E0CD3-B72D-47B6-A68D-7590B98EB39B}"
EndProject
Project("{FAE04EC0-301F-11D3-BF4B-00C04F79EFBC}") = "WebScraper.Domain", "src\WebScraper.Domain\WebScraper.Domain.csproj", "{5F4F7527-19E5-4BAD-A23C-AA85D3F9B092}"
EndProject
Project("{FAE04EC0-301F-11D3-BF4B-00C04F79EFBC}") = "WebScraper.Application", "src\WebScraper.Application\WebScraper.Application.csproj", "{E77287D4-BAB3-4805-B2DB-DF19BBCAA802}"
EndProject
Project("{FAE04EC0-301F-11D3-BF4B-00C04F79EFBC}") = "WebScraper.Infrastructure", "src\WebScraper.Infrastructure\WebScraper.Infrastructure.csproj", "{403069A9-1746-4C18-A5D1-F028BE234890}"
EndProject
Project("{FAE04EC0-301F-11D3-BF4B-00C04F79EFBC}") = "WebScraper.CLI", "src\WebScraper.CLI\WebScraper.CLI.csproj", "{0E56B6C9-867D-4666-BCF6-52AFA7E366A0}"
EndProject
Global
	GlobalSection(SolutionConfigurationPlatforms) = preSolution
		Debug|Any CPU = Debug|Any CPU
		Debug|x64 = Debug|x64
		Debug|x86 = Debug|x86
		Release|Any CPU = Release|Any CPU
		Release|x64 = Release|x64
		Release|x86 = Release|x86
	EndGlobalSection
	GlobalSection(ProjectConfigurationPlatforms) = postSolution
		{5F4F7527-19E5-4BAD-A23C-AA85D3F9B092}.Debug|Any CPU.ActiveCfg = Debug|Any CPU
		{5F4F7527-19E5-4BAD-A23C-AA85D3F9B092}.Debug|Any CPU.Build.0 = Debug|Any CPU
		{5F4F7527-19E5-4BAD-A23C-AA85D3F9B092}.Debug|x64.ActiveCfg = Debug|Any CPU
		{5F4F7527-19E5-4BAD-A23C-AA85D3F9B092}.Debug|x64.Build.0 = Debug|Any CPU
		{5F4F7527-19E5-4BAD-A23C-AA85D3F9B092}.Debug|x86.ActiveCfg = Debug|Any CPU
		{5F4F7527-19E5-4BAD-A23C-AA85D3F9B092}.Debug|x86.Build.0 = Debug|Any CPU
		{5F4F7527-19E5-4BAD-A23C-AA85D3F9B092}.Release|Any CPU.ActiveCfg = Release|Any CPU
		{5F4F7527-19E5-4BAD-A23C-AA85D3F9B092}.Release|Any CPU.Build.0 = Release|Any CPU
		{5F4F7527-19E5-4BAD-A23C-AA85D3F9B092}.Release|x64.ActiveCfg = Release|Any CPU
		{5F4F7527-19E5-4BAD-A23C-AA85D3F9B092}.Release|x64.Build.0 = Release|Any CPU
		{5F4F7527-19E5-4BAD-A23C-AA85D3F9B092}.Release|x86.ActiveCfg = Release|Any CPU
		{5F4F7527-19E5-4BAD-A23C-AA85D3F9B092}.Release|x86.Build.0 = Release|Any CPU
		{E77287D4-BAB3-4805-B2DB-DF19BBCAA802}.Debug|Any CPU.ActiveCfg = Debug|Any CPU
		{E77287D4-BAB3-4805-B2DB-DF19BBCAA802}.Debug|Any CPU.Build.0 = Debug|Any CPU
		{E77287D4-BAB3-4805-B2DB-DF19BBCAA802}.Debug|x64.ActiveCfg = Debug|Any CPU
		{E77287D4-BAB3-4805-B2DB-DF19BBCAA802}.Debug|x64.Build.0 = Debug|Any CPU
		{E77287D4-BAB3-4805-B2DB-DF19BBCAA802}.Debug|x86.ActiveCfg = Debug|Any CPU
		{E77287D4-BAB3-4805-B2DB-DF19BBCAA802}.Debug|x86.Build.0 = Debug|Any CPU
		{E77287D4-BAB3-4805-B2DB-DF19BBCAA802}.Release|Any CPU.ActiveCfg = Release|Any CPU
		{E77287D4-BAB3-4805-B2DB-DF19BBCAA802}.Release|Any CPU.Build.0 = Release|Any CPU
		{E77287D4-BAB3-4805-B2DB-DF19BBCAA802}.Release|x64.ActiveCfg = Release|Any CPU
		{E77287D4-BAB3-4805-B2DB-DF19BBCAA802}.Release|x64.Build.0 = Release|Any CPU
		{E77287D4-BAB3-4805-B2DB-DF19BBCAA802}.Release|x86.ActiveCfg = Release|Any CPU
		{E77287D4-BAB3-4805-B2DB-DF19BBCAA802}.Release|x86.Build.0 = Release|Any CPU
		{403069A9-1746-4C18-A5D1-F028BE234890}.Debug|Any CPU.ActiveCfg = Debug|Any CPU
		{403069A9-1746-4C18-A5D1-F028BE234890}.Debug|Any CPU.Build.0 = Debug|Any CPU
		{403069A9-1746-4C18-A5D1-F028BE234890}.Debug|x64.ActiveCfg = Debug|Any CPU
		{403069A9-1746-4C18-A5D1-F028BE234890}.Debug|x64.Build.0 = Debug|Any CPU
		{403069A9-1746-4C18-A5D1-F028BE234890}.Debug|x86.ActiveCfg = Debug|Any CPU
		{403069A9-1746-4C18-A5D1-F028BE234890}.Debug|x86.Build.0 = Debug|Any CPU
		{403069A9-1746-4C18-A5D1-F028BE234890}.Release|Any CPU.ActiveCfg = Release|Any CPU
		{403069A9-1746-4C18-A5D1-F028BE234890}.Release|Any CPU.Build.0 = Release|Any CPU
		{403069A9-1746-4C18-A5D1-F028BE234890}.Release|x64.ActiveCfg = Release|Any CPU
		{403069A9-1746-4C18-A5D1-F028BE234890}.Release|x64.Build.0 = Release|Any CPU
		{403069A9-1746-4C18-A5D1-F028BE234890}.Release|x86.ActiveCfg = Release|Any CPU
		{403069A9-1746-4C18-A5D1-F028BE234890}.Release|x86.Build.0 = Release|Any CPU
		{0E56B6C9-867D-4666-BCF6-52AFA7E366A0}.Debug|Any CPU.ActiveCfg = Debug|Any CPU
		{0E56B6C9-867D-4666-BCF6-52AFA7E366A0}.Debug|Any CPU.Build.0 = Debug|Any CPU
		{0E56B6C9-867D-4666-BCF6-52AFA7E366A0}.Debug|x64.ActiveCfg = Debug|Any CPU
		{0E56B6C9-867D-4666-BCF6-52AFA7E366A0}.Debug|x64.Build.0 = Debug|Any CPU
		{0E56B6C9-867D-4666-BCF6-52AFA7E366A0}.Debug|x86.ActiveCfg = Debug|Any CPU
		{0E56B6C9-867D-4666-BCF6-52AFA7E366A0}.Debug|x86.Build.0 = Debug|Any CPU
		{0E56B6C9-867D-4666-BCF6-52AFA7E366A0}.Release|Any CPU.ActiveCfg = Release|Any CPU
		{0E56B6C9-867D-4666-BCF6-52AFA7E366A0}.Release|Any CPU.Build.0 = Release|Any CPU
		{0E56B6C9-867D-4666-BCF6-52AFA7E366A0}.Release|x64.ActiveCfg = Release|Any CPU
		{0E56B6C9-867D-4666-BCF6-52AFA7E366A0}.Release|x64.Build.0 = Release|Any CPU
		{0E56B6C9-867D-4666-BCF6-52AFA7E366A0}.Release|x86.ActiveCfg = Release|Any CPU
		{0E56B6C9-867D-4666-BCF6-52AFA7E366A0}.Release|x86.Build.0 = Release|Any CPU
	EndGlobalSection
	GlobalSection(SolutionProperties) = preSolution
		HideSolutionNode = FALSE
	EndGlobalSection
	GlobalSection(NestedProjects) = preSolution
		{5F4F7527-19E5-4BAD-A23C-AA85D3F9B092} = {827E0CD3-B72D-47B6-A68D-7590B98EB39B}
		{E77287D4-BAB3-4805-B2DB-DF19BBCAA802} = {827E0CD3-B72D-47B6-A68D-7590B98EB39B}
		{403069A9-1746-4C18-A5D1-F028BE234890} = {827E0CD3-B72D-47B6-A68D-7590B98EB39B}
		{0E56B6C9-867D-4666-BCF6-52AFA7E366A0} = {827E0CD3-B72D-47B6-A68D-7590B98EB39B}
	EndGlobalSection
EndGlobal
